
Microsoft Visual Studio Solution File, Format Version 12.00
# Visual Studio Version 17
VisualStudioVersion = 17.14.36518.9 d17.14
MinimumVisualStudioVersion = 10.0.40219.1
Project("{FAE04EC0-301F-11D3-BF4B-00C04F79EFBC}") = "TareasMVC", "TareasMVC\TareasMVC.csproj", "{7926E6E3-285C-4640-A460-2799B91FD12B}"
EndProject
Global
	GlobalSection(SolutionConfigurationPlatforms) = preSolution
		Debug|Any CPU = Debug|Any CPU
		Release|Any CPU = Release|Any CPU
	EndGlobalSection
	GlobalSection(ProjectConfigurationPlatforms) = postSolution
		{7926E6E3-285C-4640-A460-2799B91FD12B}.Debug|Any CPU.ActiveCfg = Debug|Any CPU
		{7926E6E3-285C-4640-A460-2799B91FD12B}.Debug|Any CPU.Build.0 = Debug|Any CPU
		{7926E6E3-285C-4640-A460-2799B91FD12B}.Release|Any CPU.ActiveCfg = Release|Any CPU
		{7926E6E3-285C-4640-A460-2799B91FD12B}.Release|Any CPU.Build.0 = Release|Any CPU
	EndGlobalSection
	GlobalSection(SolutionProperties) = preSolution
		HideSolutionNode = FALSE
	EndGlobalSection
	GlobalSection(ExtensibilityGlobals) = postSolution
		SolutionGuid = {B76B46D0-D462-4526-89DE-A02300878D14}
	EndGlobalSection
EndGlobal
